
Microsoft Visual Studio Solution File, Format Version 12.00
# Visual Studio 2015
Project("{FAE04EC0-301F-11D3-BF4B-00C04F79EFBC}") = "Refletion (Unity Project).CSharp", "Refletion (Unity Project).CSharp.csproj", "{CABDFA49-C3AA-3A50-15E7-5EFA65578D90}"
EndProject
Global
	GlobalSection(SolutionConfigurationPlatforms) = preSolution
		Debug|Any CPU = Debug|Any CPU
		Release|Any CPU = Release|Any CPU
	EndGlobalSection
	GlobalSection(ProjectConfigurationPlatforms) = postSolution
		{CABDFA49-C3AA-3A50-15E7-5EFA65578D90}.Debug|Any CPU.ActiveCfg = Debug|Any CPU
		{CABDFA49-C3AA-3A50-15E7-5EFA65578D90}.Debug|Any CPU.Build.0 = Debug|Any CPU
		{CABDFA49-C3AA-3A50-15E7-5EFA65578D90}.Release|Any CPU.ActiveCfg = Release|Any CPU
		{CABDFA49-C3AA-3A50-15E7-5EFA65578D90}.Release|Any CPU.Build.0 = Release|Any CPU
	EndGlobalSection
	GlobalSection(SolutionProperties) = preSolution
		HideSolutionNode = FALSE
	EndGlobalSection
EndGlobal
